// !$*UTF8*$!
{
	archiveVersion = 1;
	classes = {
	};
	objectVersion = 56;
	objects = {

/* Begin PBXBuildFile section */
		4F7BAFB22C9C9E10000D16C9 /* BackupManager.swift in Sources */ = {isa = PBXBuildFile; fileRef = 4F7BAFB12C9C9E10000D16C9 /* BackupManager.swift */; };
		4F7BAFB42C9C9E31000D16C9 /* DeduplicationManager.swift in Sources */ = {isa = PBXBuildFile; fileRef = 4F7BAFB32C9C9E31000D16C9 /* DeduplicationManager.swift */; };
		6B50B9852B0302CC00AE2376 /* photo_backupApp.swift in Sources */ = {isa = PBXBuildFile; fileRef = 6B50B9842B0302CC00AE2376 /* photo_backupApp.swift */; };
		6B50B9872B0302CC00AE2376 /* ContentView.swift in Sources */ = {isa = PBXBuildFile; fileRef = 6B50B9862B0302CC00AE2376 /* ContentView.swift */; };
		6B50B9892B0302CE00AE2376 /* Assets.xcassets in Resources */ = {isa = PBXBuildFile; fileRef = 6B50B9882B0302CE00AE2376 /* Assets.xcassets */; };
		6B50B98C2B0302CE00AE2376 /* Preview Assets.xcassets in Resources */ = {isa = PBXBuildFile; fileRef = 6B50B98B2B0302CE00AE2376 /* Preview Assets.xcassets */; };
		6B50B9962B0302CE00AE2376 /* photo_backupTests.swift in Sources */ = {isa = PBXBuildFile; fileRef = 6B50B9952B0302CE00AE2376 /* photo_backupTests.swift */; };
		6B50B9A02B0302CE00AE2376 /* photo_backupUITests.swift in Sources */ = {isa = PBXBuildFile; fileRef = 6B50B99F2B0302CE00AE2376 /* photo_backupUITests.swift */; };
		6B50B9A22B0302CE00AE2376 /* photo_backupUITestsLaunchTests.swift in Sources */ = {isa = PBXBuildFile; fileRef = 6B50B9A12B0302CE00AE2376 /* photo_backupUITestsLaunchTests.swift */; };
		6B50B9AF2B0307C000AE2376 /* DocumentPicker.swift in Sources */ = {isa = PBXBuildFile; fileRef = 6B50B9AE2B0307C000AE2376 /* DocumentPicker.swift */; };
		6B50B9B22B034C5900AE2376 /* AppHomeIcon.png in Resources */ = {isa = PBXBuildFile; fileRef = 6B50B9B12B034C5900AE2376 /* AppHomeIcon.png */; };
/* End PBXBuildFile section */

/* Begin PBXContainerItemProxy section */
		6B50B9922B0302CE00AE2376 /* PBXContainerItemProxy */ = {
			isa = PBXContainerItemProxy;
			containerPortal = 6B50B9792B0302CB00AE2376 /* Project object */;
			proxyType = 1;
			remoteGlobalIDString = 6B50B9802B0302CB00AE2376;
			remoteInfo = "photo backup";
		};
		6B50B99C2B0302CE00AE2376 /* PBXContainerItemProxy */ = {
			isa = PBXContainerItemProxy;
			containerPortal = 6B50B9792B0302CB00AE2376 /* Project object */;
			proxyType = 1;
			remoteGlobalIDString = 6B50B9802B0302CB00AE2376;
			remoteInfo = "photo backup";
		};
/* End PBXContainerItemProxy section */

/* Begin PBXFileReference section */
		4F7BAFB12C9C9E10000D16C9 /* BackupManager.swift */ = {isa = PBXFileReference; lastKnownFileType = sourcecode.swift; path = BackupManager.swift; sourceTree = "<group>"; };
		4F7BAFB32C9C9E31000D16C9 /* DeduplicationManager.swift */ = {isa = PBXFileReference; lastKnownFileType = sourcecode.swift; path = DeduplicationManager.swift; sourceTree = "<group>"; };
		6B50B9812B0302CC00AE2376 /* Archive Angel.app */ = {isa = PBXFileReference; explicitFileType = wrapper.application; includeInIndex = 0; path = "Archive Angel.app"; sourceTree = BUILT_PRODUCTS_DIR; };
		6B50B9842B0302CC00AE2376 /* photo_backupApp.swift */ = {isa = PBXFileReference; lastKnownFileType = sourcecode.swift; path = photo_backupApp.swift; sourceTree = "<group>"; };
		6B50B9862B0302CC00AE2376 /* ContentView.swift */ = {isa = PBXFileReference; lastKnownFileType = sourcecode.swift; path = ContentView.swift; sourceTree = "<group>"; };
		6B50B9882B0302CE00AE2376 /* Assets.xcassets */ = {isa = PBXFileReference; lastKnownFileType = folder.assetcatalog; path = Assets.xcassets; sourceTree = "<group>"; };
		6B50B98B2B0302CE00AE2376 /* Preview Assets.xcassets */ = {isa = PBXFileReference; lastKnownFileType = folder.assetcatalog; path = "Preview Assets.xcassets"; sourceTree = "<group>"; };
		6B50B9912B0302CE00AE2376 /* photo backupTests.xctest */ = {isa = PBXFileReference; explicitFileType = wrapper.cfbundle; includeInIndex = 0; path = "photo backupTests.xctest"; sourceTree = BUILT_PRODUCTS_DIR; };
		6B50B9952B0302CE00AE2376 /* photo_backupTests.swift */ = {isa = PBXFileReference; lastKnownFileType = sourcecode.swift; path = photo_backupTests.swift; sourceTree = "<group>"; };
		6B50B99B2B0302CE00AE2376 /* photo backupUITests.xctest */ = {isa = PBXFileReference; explicitFileType = wrapper.cfbundle; includeInIndex = 0; path = "photo backupUITests.xctest"; sourceTree = BUILT_PRODUCTS_DIR; };
		6B50B99F2B0302CE00AE2376 /* photo_backupUITests.swift */ = {isa = PBXFileReference; lastKnownFileType = sourcecode.swift; path = photo_backupUITests.swift; sourceTree = "<group>"; };
		6B50B9A12B0302CE00AE2376 /* photo_backupUITestsLaunchTests.swift */ = {isa = PBXFileReference; lastKnownFileType = sourcecode.swift; path = photo_backupUITestsLaunchTests.swift; sourceTree = "<group>"; };
		6B50B9AE2B0307C000AE2376 /* DocumentPicker.swift */ = {isa = PBXFileReference; lastKnownFileType = sourcecode.swift; path = DocumentPicker.swift; sourceTree = "<group>"; };
		6B50B9B02B0322B300AE2376 /* photo-backup-Info.plist */ = {isa = PBXFileReference; lastKnownFileType = text.plist; path = "photo-backup-Info.plist"; sourceTree = SOURCE_ROOT; };
		6B50B9B12B034C5900AE2376 /* AppHomeIcon.png */ = {isa = PBXFileReference; lastKnownFileType = image.png; path = AppHomeIcon.png; sourceTree = "<group>"; };
/* End PBXFileReference section */

/* Begin PBXFrameworksBuildPhase section */
		6B50B97E2B0302CB00AE2376 /* Frameworks */ = {
			isa = PBXFrameworksBuildPhase;
			buildActionMask = 2147483647;
			files = (
			);
			runOnlyForDeploymentPostprocessing = 0;
		};
		6B50B98E2B0302CE00AE2376 /* Frameworks */ = {
			isa = PBXFrameworksBuildPhase;
			buildActionMask = 2147483647;
			files = (
			);
			runOnlyForDeploymentPostprocessing = 0;
		};
		6B50B9982B0302CE00AE2376 /* Frameworks */ = {
			isa = PBXFrameworksBuildPhase;
			buildActionMask = 2147483647;
			files = (
			);
			runOnlyForDeploymentPostprocessing = 0;
		};
/* End PBXFrameworksBuildPhase section */

/* Begin PBXGroup section */
		6B50B9782B0302CB00AE2376 = {
			isa = PBXGroup;
			children = (
				6B50B9832B0302CC00AE2376 /* photo backup */,
				6B50B9942B0302CE00AE2376 /* photo backupTests */,
				6B50B99E2B0302CE00AE2376 /* photo backupUITests */,
				6B50B9822B0302CC00AE2376 /* Products */,
			);
			sourceTree = "<group>";
		};
		6B50B9822B0302CC00AE2376 /* Products */ = {
			isa = PBXGroup;
			children = (
				6B50B9812B0302CC00AE2376 /* Archive Angel.app */,
				6B50B9912B0302CE00AE2376 /* photo backupTests.xctest */,
				6B50B99B2B0302CE00AE2376 /* photo backupUITests.xctest */,
			);
			name = Products;
			sourceTree = "<group>";
		};
		6B50B9832B0302CC00AE2376 /* photo backup */ = {
			isa = PBXGroup;
			children = (
				6B50B9B02B0322B300AE2376 /* photo-backup-Info.plist */,
				6B50B9842B0302CC00AE2376 /* photo_backupApp.swift */,
				6B50B9862B0302CC00AE2376 /* ContentView.swift */,
				6B50B9B12B034C5900AE2376 /* AppHomeIcon.png */,
				6B50B9882B0302CE00AE2376 /* Assets.xcassets */,
				6B50B98A2B0302CE00AE2376 /* Preview Content */,
				6B50B9AE2B0307C000AE2376 /* DocumentPicker.swift */,
				4F7BAFB12C9C9E10000D16C9 /* BackupManager.swift */,
				4F7BAFB32C9C9E31000D16C9 /* DeduplicationManager.swift */,
			);
			path = "photo backup";
			sourceTree = "<group>";
		};
		6B50B98A2B0302CE00AE2376 /* Preview Content */ = {
			isa = PBXGroup;
			children = (
				6B50B98B2B0302CE00AE2376 /* Preview Assets.xcassets */,
			);
			path = "Preview Content";
			sourceTree = "<group>";
		};
		6B50B9942B0302CE00AE2376 /* photo backupTests */ = {
			isa = PBXGroup;
			children = (
				6B50B9952B0302CE00AE2376 /* photo_backupTests.swift */,
			);
			path = "photo backupTests";
			sourceTree = "<group>";
		};
		6B50B99E2B0302CE00AE2376 /* photo backupUITests */ = {
			isa = PBXGroup;
			children = (
				6B50B99F2B0302CE00AE2376 /* photo_backupUITests.swift */,
				6B50B9A12B0302CE00AE2376 /* photo_backupUITestsLaunchTests.swift */,
			);
			path = "photo backupUITests";
			sourceTree = "<group>";
		};
/* End PBXGroup section */

/* Begin PBXNativeTarget section */
		6B50B9802B0302CB00AE2376 /* Archive Angel */ = {
			isa = PBXNativeTarget;
			buildConfigurationList = 6B50B9A52B0302CE00AE2376 /* Build configuration list for PBXNativeTarget "Archive Angel" */;
			buildPhases = (
				6B50B97D2B0302CB00AE2376 /* Sources */,
				6B50B97E2B0302CB00AE2376 /* Frameworks */,
				6B50B97F2B0302CB00AE2376 /* Resources */,
			);
			buildRules = (
			);
			dependencies = (
			);
			name = "Archive Angel";
			productName = "photo backup";
			productReference = 6B50B9812B0302CC00AE2376 /* Archive Angel.app */;
			productType = "com.apple.product-type.application";
		};
		6B50B9902B0302CE00AE2376 /* photo backupTests */ = {
			isa = PBXNativeTarget;
			buildConfigurationList = 6B50B9A82B0302CE00AE2376 /* Build configuration list for PBXNativeTarget "photo backupTests" */;
			buildPhases = (
				6B50B98D2B0302CE00AE2376 /* Sources */,
				6B50B98E2B0302CE00AE2376 /* Frameworks */,
				6B50B98F2B0302CE00AE2376 /* Resources */,
			);
			buildRules = (
			);
			dependencies = (
				6B50B9932B0302CE00AE2376 /* PBXTargetDependency */,
			);
			name = "photo backupTests";
			productName = "photo backupTests";
			productReference = 6B50B9912B0302CE00AE2376 /* photo backupTests.xctest */;
			productType = "com.apple.product-type.bundle.unit-test";
		};
		6B50B99A2B0302CE00AE2376 /* photo backupUITests */ = {
			isa = PBXNativeTarget;
			buildConfigurationList = 6B50B9AB2B0302CE00AE2376 /* Build configuration list for PBXNativeTarget "photo backupUITests" */;
			buildPhases = (
				6B50B9972B0302CE00AE2376 /* Sources */,
				6B50B9982B0302CE00AE2376 /* Frameworks */,
				6B50B9992B0302CE00AE2376 /* Resources */,
			);
			buildRules = (
			);
			dependencies = (
				6B50B99D2B0302CE00AE2376 /* PBXTargetDependency */,
			);
			name = "photo backupUITests";
			productName = "photo backupUITests";
			productReference = 6B50B99B2B0302CE00AE2376 /* photo backupUITests.xctest */;
			productType = "com.apple.product-type.bundle.ui-testing";
		};
/* End PBXNativeTarget section */

/* Begin PBXProject section */
		6B50B9792B0302CB00AE2376 /* Project object */ = {
			isa = PBXProject;
			attributes = {
				BuildIndependentTargetsInParallel = 1;
				LastSwiftUpdateCheck = 1500;
				LastUpgradeCheck = 1500;
				TargetAttributes = {
					6B50B9802B0302CB00AE2376 = {
						CreatedOnToolsVersion = 15.0.1;
					};
					6B50B9902B0302CE00AE2376 = {
						CreatedOnToolsVersion = 15.0.1;
						TestTargetID = 6B50B9802B0302CB00AE2376;
					};
					6B50B99A2B0302CE00AE2376 = {
						CreatedOnToolsVersion = 15.0.1;
						TestTargetID = 6B50B9802B0302CB00AE2376;
					};
				};
			};
			buildConfigurationList = 6B50B97C2B0302CB00AE2376 /* Build configuration list for PBXProject "ArchiveAngel" */;
			compatibilityVersion = "Xcode 14.0";
			developmentRegion = en;
			hasScannedForEncodings = 0;
			knownRegions = (
				en,
				Base,
			);
			mainGroup = 6B50B9782B0302CB00AE2376;
			productRefGroup = 6B50B9822B0302CC00AE2376 /* Products */;
			projectDirPath = "";
			projectRoot = "";
			targets = (
				6B50B9802B0302CB00AE2376 /* Archive Angel */,
				6B50B9902B0302CE00AE2376 /* photo backupTests */,
				6B50B99A2B0302CE00AE2376 /* photo backupUITests */,
			);
		};
/* End PBXProject section */

/* Begin PBXResourcesBuildPhase section */
		6B50B97F2B0302CB00AE2376 /* Resources */ = {
			isa = PBXResourcesBuildPhase;
			buildActionMask = 2147483647;
			files = (
				6B50B98C2B0302CE00AE2376 /* Preview Assets.xcassets in Resources */,
				6B50B9B22B034C5900AE2376 /* AppHomeIcon.png in Resources */,
				6B50B9892B0302CE00AE2376 /* Assets.xcassets in Resources */,
			);
			runOnlyForDeploymentPostprocessing = 0;
		};
		6B50B98F2B0302CE00AE2376 /* Resources */ = {
			isa = PBXResourcesBuildPhase;
			buildActionMask = 2147483647;
			files = (
			);
			runOnlyForDeploymentPostprocessing = 0;
		};
		6B50B9992B0302CE00AE2376 /* Resources */ = {
			isa = PBXResourcesBuildPhase;
			buildActionMask = 2147483647;
			files = (
			);
			runOnlyForDeploymentPostprocessing = 0;
		};
/* End PBXResourcesBuildPhase section */

/* Begin PBXSourcesBuildPhase section */
		6B50B97D2B0302CB00AE2376 /* Sources */ = {
			isa = PBXSourcesBuildPhase;
			buildActionMask = 2147483647;
			files = (
				4F7BAFB42C9C9E31000D16C9 /* DeduplicationManager.swift in Sources */,
				6B50B9872B0302CC00AE2376 /* ContentView.swift in Sources */,
				6B50B9AF2B0307C000AE2376 /* DocumentPicker.swift in Sources */,
				6B50B9852B0302CC00AE2376 /* photo_backupApp.swift in Sources */,
				4F7BAFB22C9C9E10000D16C9 /* BackupManager.swift in Sources */,
			);
			runOnlyForDeploymentPostprocessing = 0;
		};
		6B50B98D2B0302CE00AE2376 /* Sources */ = {
			isa = PBXSourcesBuildPhase;
			buildActionMask = 2147483647;
			files = (
				6B50B9962B0302CE00AE2376 /* photo_backupTests.swift in Sources */,
			);
			runOnlyForDeploymentPostprocessing = 0;
		};
		6B50B9972B0302CE00AE2376 /* Sources */ = {
			isa = PBXSourcesBuildPhase;
			buildActionMask = 2147483647;
			files = (
				6B50B9A02B0302CE00AE2376 /* photo_backupUITests.swift in Sources */,
				6B50B9A22B0302CE00AE2376 /* photo_backupUITestsLaunchTests.swift in Sources */,
			);
			runOnlyForDeploymentPostprocessing = 0;
		};
/* End PBXSourcesBuildPhase section */

/* Begin PBXTargetDependency section */
		6B50B9932B0302CE00AE2376 /* PBXTargetDependency */ = {
			isa = PBXTargetDependency;
			target = 6B50B9802B0302CB00AE2376 /* Archive Angel */;
			targetProxy = 6B50B9922B0302CE00AE2376 /* PBXContainerItemProxy */;
		};
		6B50B99D2B0302CE00AE2376 /* PBXTargetDependency */ = {
			isa = PBXTargetDependency;
			target = 6B50B9802B0302CB00AE2376 /* Archive Angel */;
			targetProxy = 6B50B99C2B0302CE00AE2376 /* PBXContainerItemProxy */;
		};
/* End PBXTargetDependency section */

/* Begin XCBuildConfiguration section */
		6B50B9A32B0302CE00AE2376 /* Debug */ = {
			isa = XCBuildConfiguration;
			buildSettings = {
				ALWAYS_SEARCH_USER_PATHS = NO;
				ASSETCATALOG_COMPILER_GENERATE_SWIFT_ASSET_SYMBOL_EXTENSIONS = YES;
				CLANG_ANALYZER_NONNULL = YES;
				CLANG_ANALYZER_NUMBER_OBJECT_CONVERSION = YES_AGGRESSIVE;
				CLANG_CXX_LANGUAGE_STANDARD = "gnu++20";
				CLANG_ENABLE_MODULES = YES;
				CLANG_ENABLE_OBJC_ARC = YES;
				CLANG_ENABLE_OBJC_WEAK = YES;
				CLANG_WARN_BLOCK_CAPTURE_AUTORELEASING = YES;
				CLANG_WARN_BOOL_CONVERSION = YES;
				CLANG_WARN_COMMA = YES;
				CLANG_WARN_CONSTANT_CONVERSION = YES;
				CLANG_WARN_DEPRECATED_OBJC_IMPLEMENTATIONS = YES;
				CLANG_WARN_DIRECT_OBJC_ISA_USAGE = YES_ERROR;
				CLANG_WARN_DOCUMENTATION_COMMENTS = YES;
				CLANG_WARN_EMPTY_BODY = YES;
				CLANG_WARN_ENUM_CONVERSION = YES;
				CLANG_WARN_INFINITE_RECURSION = YES;
				CLANG_WARN_INT_CONVERSION = YES;
				CLANG_WARN_NON_LITERAL_NULL_CONVERSION = YES;
				CLANG_WARN_OBJC_IMPLICIT_RETAIN_SELF = YES;
				CLANG_WARN_OBJC_LITERAL_CONVERSION = YES;
				CLANG_WARN_OBJC_ROOT_CLASS = YES_ERROR;
				CLANG_WARN_QUOTED_INCLUDE_IN_FRAMEWORK_HEADER = YES;
				CLANG_WARN_RANGE_LOOP_ANALYSIS = YES;
				CLANG_WARN_STRICT_PROTOTYPES = YES;
				CLANG_WARN_SUSPICIOUS_MOVE = YES;
				CLANG_WARN_UNGUARDED_AVAILABILITY = YES_AGGRESSIVE;
				CLANG_WARN_UNREACHABLE_CODE = YES;
				CLANG_WARN__DUPLICATE_METHOD_MATCH = YES;
				COPY_PHASE_STRIP = NO;
				DEBUG_INFORMATION_FORMAT = dwarf;
				ENABLE_STRICT_OBJC_MSGSEND = YES;
				ENABLE_TESTABILITY = YES;
				ENABLE_USER_SCRIPT_SANDBOXING = YES;
				GCC_C_LANGUAGE_STANDARD = gnu17;
				GCC_DYNAMIC_NO_PIC = NO;
				GCC_NO_COMMON_BLOCKS = YES;
				GCC_OPTIMIZATION_LEVEL = 0;
				GCC_PREPROCESSOR_DEFINITIONS = (
					"DEBUG=1",
					"$(inherited)",
				);
				GCC_WARN_64_TO_32_BIT_CONVERSION = YES;
				GCC_WARN_ABOUT_RETURN_TYPE = YES_ERROR;
				GCC_WARN_UNDECLARED_SELECTOR = YES;
				GCC_WARN_UNINITIALIZED_AUTOS = YES_AGGRESSIVE;
				GCC_WARN_UNUSED_FUNCTION = YES;
				GCC_WARN_UNUSED_VARIABLE = YES;
				IPHONEOS_DEPLOYMENT_TARGET = 15.0;
				LOCALIZATION_PREFERS_STRING_CATALOGS = YES;
				MTL_ENABLE_DEBUG_INFO = INCLUDE_SOURCE;
				MTL_FAST_MATH = YES;
				ONLY_ACTIVE_ARCH = YES;
				SDKROOT = iphoneos;
				SWIFT_ACTIVE_COMPILATION_CONDITIONS = "DEBUG $(inherited)";
				SWIFT_OPTIMIZATION_LEVEL = "-Onone";
			};
			name = Debug;
		};
		6B50B9A42B0302CE00AE2376 /* Release */ = {
			isa = XCBuildConfiguration;
			buildSettings = {
				ALWAYS_SEARCH_USER_PATHS = NO;
				ASSETCATALOG_COMPILER_GENERATE_SWIFT_ASSET_SYMBOL_EXTENSIONS = YES;
				CLANG_ANALYZER_NONNULL = YES;
				CLANG_ANALYZER_NUMBER_OBJECT_CONVERSION = YES_AGGRESSIVE;
				CLANG_CXX_LANGUAGE_STANDARD = "gnu++20";
				CLANG_ENABLE_MODULES = YES;
				CLANG_ENABLE_OBJC_ARC = YES;
				CLANG_ENABLE_OBJC_WEAK = YES;
				CLANG_WARN_BLOCK_CAPTURE_AUTORELEASING = YES;
				CLANG_WARN_BOOL_CONVERSION = YES;
				CLANG_WARN_COMMA = YES;
				CLANG_WARN_CONSTANT_CONVERSION = YES;
				CLANG_WARN_DEPRECATED_OBJC_IMPLEMENTATIONS = YES;
				CLANG_WARN_DIRECT_OBJC_ISA_USAGE = YES_ERROR;
				CLANG_WARN_DOCUMENTATION_COMMENTS = YES;
				CLANG_WARN_EMPTY_BODY = YES;
				CLANG_WARN_ENUM_CONVERSION = YES;
				CLANG_WARN_INFINITE_RECURSION = YES;
				CLANG_WARN_INT_CONVERSION = YES;
				CLANG_WARN_NON_LITERAL_NULL_CONVERSION = YES;
				CLANG_WARN_OBJC_IMPLICIT_RETAIN_SELF = YES;
				CLANG_WARN_OBJC_LITERAL_CONVERSION = YES;
				CLANG_WARN_OBJC_ROOT_CLASS = YES_ERROR;
				CLANG_WARN_QUOTED_INCLUDE_IN_FRAMEWORK_HEADER = YES;
				CLANG_WARN_RANGE_LOOP_ANALYSIS = YES;
				CLANG_WARN_STRICT_PROTOTYPES = YES;
				CLANG_WARN_SUSPICIOUS_MOVE = YES;
				CLANG_WARN_UNGUARDED_AVAILABILITY = YES_AGGRESSIVE;
				CLANG_WARN_UNREACHABLE_CODE = YES;
				CLANG_WARN__DUPLICATE_METHOD_MATCH = YES;
				COPY_PHASE_STRIP = NO;
				DEBUG_INFORMATION_FORMAT = "dwarf-with-dsym";
				ENABLE_NS_ASSERTIONS = NO;
				ENABLE_STRICT_OBJC_MSGSEND = YES;
				ENABLE_USER_SCRIPT_SANDBOXING = YES;
				GCC_C_LANGUAGE_STANDARD = gnu17;
				GCC_NO_COMMON_BLOCKS = YES;
				GCC_WARN_64_TO_32_BIT_CONVERSION = YES;
				GCC_WARN_ABOUT_RETURN_TYPE = YES_ERROR;
				GCC_WARN_UNDECLARED_SELECTOR = YES;
				GCC_WARN_UNINITIALIZED_AUTOS = YES_AGGRESSIVE;
				GCC_WARN_UNUSED_FUNCTION = YES;
				GCC_WARN_UNUSED_VARIABLE = YES;
				IPHONEOS_DEPLOYMENT_TARGET = 15.0;
				LOCALIZATION_PREFERS_STRING_CATALOGS = YES;
				MTL_ENABLE_DEBUG_INFO = NO;
				MTL_FAST_MATH = YES;
				SDKROOT = iphoneos;
				SWIFT_COMPILATION_MODE = wholemodule;
				VALIDATE_PRODUCT = YES;
			};
			name = Release;
		};
		6B50B9A62B0302CE00AE2376 /* Debug */ = {
			isa = XCBuildConfiguration;
			buildSettings = {
				ASSETCATALOG_COMPILER_APPICON_NAME = AppIcon;
				ASSETCATALOG_COMPILER_GLOBAL_ACCENT_COLOR_NAME = AccentColor;
				ASSETCATALOG_COMPILER_INCLUDE_ALL_APPICON_ASSETS = NO;
				CODE_SIGN_STYLE = Automatic;
				CURRENT_PROJECT_VERSION = 12;
				DEVELOPMENT_ASSET_PATHS = "\"photo backup/Preview Content\"";
				DEVELOPMENT_TEAM = 7BMJ296AXA;
				ENABLE_PREVIEWS = YES;
				GENERATE_INFOPLIST_FILE = YES;
				INFOPLIST_FILE = "photo-backup-Info.plist";
				INFOPLIST_KEY_CFBundleDisplayName = ArchiveAngel;
				INFOPLIST_KEY_LSApplicationCategoryType = "public.app-category.utilities";
				INFOPLIST_KEY_NSPhotoLibraryUsageDescription = "Provide access to photos to backup";
				INFOPLIST_KEY_UIApplicationSceneManifest_Generation = YES;
				INFOPLIST_KEY_UIApplicationSupportsIndirectInputEvents = YES;
				INFOPLIST_KEY_UILaunchScreen_Generation = YES;
				INFOPLIST_KEY_UILaunchStoryboardName = x;
				INFOPLIST_KEY_UISupportedInterfaceOrientations = "UIInterfaceOrientationLandscapeLeft UIInterfaceOrientationLandscapeRight UIInterfaceOrientationPortrait UIInterfaceOrientationPortraitUpsideDown";
				IPHONEOS_DEPLOYMENT_TARGET = 15.0;
				LD_RUNPATH_SEARCH_PATHS = (
					"$(inherited)",
					"@executable_path/Frameworks",
				);
				MARKETING_VERSION = 1.1;
				PRODUCT_BUNDLE_IDENTIFIER = com.krishna.archiveAngel;
				PRODUCT_NAME = "$(TARGET_NAME)";
				SWIFT_EMIT_LOC_STRINGS = YES;
				SWIFT_VERSION = 5.0;
				TARGETED_DEVICE_FAMILY = "1,2";
			};
			name = Debug;
		};
		6B50B9A72B0302CE00AE2376 /* Release */ = {
			isa = XCBuildConfiguration;
			buildSettings = {
				ASSETCATALOG_COMPILER_APPICON_NAME = AppIcon;
				ASSETCATALOG_COMPILER_GLOBAL_ACCENT_COLOR_NAME = AccentColor;
				ASSETCATALOG_COMPILER_INCLUDE_ALL_APPICON_ASSETS = NO;
				CODE_SIGN_STYLE = Automatic;
				CURRENT_PROJECT_VERSION = 12;
				DEVELOPMENT_ASSET_PATHS = "\"photo backup/Preview Content\"";
				DEVELOPMENT_TEAM = 7BMJ296AXA;
				ENABLE_PREVIEWS = YES;
				GENERATE_INFOPLIST_FILE = YES;
				INFOPLIST_FILE = "photo-backup-Info.plist";
				INFOPLIST_KEY_CFBundleDisplayName = ArchiveAngel;
				INFOPLIST_KEY_LSApplicationCategoryType = "public.app-category.utilities";
				INFOPLIST_KEY_NSPhotoLibraryUsageDescription = "Provide access to photos to backup";
				INFOPLIST_KEY_UIApplicationSceneManifest_Generation = YES;
				INFOPLIST_KEY_UIApplicationSupportsIndirectInputEvents = YES;
				INFOPLIST_KEY_UILaunchScreen_Generation = YES;
				INFOPLIST_KEY_UILaunchStoryboardName = x;
				INFOPLIST_KEY_UISupportedInterfaceOrientations = "UIInterfaceOrientationLandscapeLeft UIInterfaceOrientationLandscapeRight UIInterfaceOrientationPortrait UIInterfaceOrientationPortraitUpsideDown";
				IPHONEOS_DEPLOYMENT_TARGET = 15.0;
				LD_RUNPATH_SEARCH_PATHS = (
					"$(inherited)",
					"@executable_path/Frameworks",
				);
				MARKETING_VERSION = 1.1;
				PRODUCT_BUNDLE_IDENTIFIER = com.krishna.archiveAngel;
				PRODUCT_NAME = "$(TARGET_NAME)";
				SWIFT_EMIT_LOC_STRINGS = YES;
				SWIFT_VERSION = 5.0;
				TARGETED_DEVICE_FAMILY = "1,2";
			};
			name = Release;
		};
		6B50B9A92B0302CE00AE2376 /* Debug */ = {
			isa = XCBuildConfiguration;
			buildSettings = {
				ALWAYS_EMBED_SWIFT_STANDARD_LIBRARIES = YES;
				BUNDLE_LOADER = "$(TEST_HOST)";
				CODE_SIGN_STYLE = Automatic;
				CURRENT_PROJECT_VERSION = 1;
				DEVELOPMENT_TEAM = 7BMJ296AXA;
				GENERATE_INFOPLIST_FILE = YES;
				IPHONEOS_DEPLOYMENT_TARGET = 17.0;
				MARKETING_VERSION = 1.0;
				PRODUCT_BUNDLE_IDENTIFIER = "com.krishna.photo-backupTests";
				PRODUCT_NAME = "$(TARGET_NAME)";
				SWIFT_EMIT_LOC_STRINGS = NO;
				SWIFT_VERSION = 5.0;
				TARGETED_DEVICE_FAMILY = "1,2";
				TEST_HOST = "$(BUILT_PRODUCTS_DIR)/photo backup.app/$(BUNDLE_EXECUTABLE_FOLDER_PATH)/photo backup";
			};
			name = Debug;
		};
		6B50B9AA2B0302CE00AE2376 /* Release */ = {
			isa = XCBuildConfiguration;
			buildSettings = {
				ALWAYS_EMBED_SWIFT_STANDARD_LIBRARIES = YES;
				BUNDLE_LOADER = "$(TEST_HOST)";
				CODE_SIGN_STYLE = Automatic;
				CURRENT_PROJECT_VERSION = 1;
				DEVELOPMENT_TEAM = 7BMJ296AXA;
				GENERATE_INFOPLIST_FILE = YES;
				IPHONEOS_DEPLOYMENT_TARGET = 17.0;
				MARKETING_VERSION = 1.0;
				PRODUCT_BUNDLE_IDENTIFIER = "com.krishna.photo-backupTests";
				PRODUCT_NAME = "$(TARGET_NAME)";
				SWIFT_EMIT_LOC_STRINGS = NO;
				SWIFT_VERSION = 5.0;
				TARGETED_DEVICE_FAMILY = "1,2";
				TEST_HOST = "$(BUILT_PRODUCTS_DIR)/photo backup.app/$(BUNDLE_EXECUTABLE_FOLDER_PATH)/photo backup";
			};
			name = Release;
		};
		6B50B9AC2B0302CE00AE2376 /* Debug */ = {
			isa = XCBuildConfiguration;
			buildSettings = {
				ALWAYS_EMBED_SWIFT_STANDARD_LIBRARIES = YES;
				CODE_SIGN_STYLE = Automatic;
				CURRENT_PROJECT_VERSION = 1;
				DEVELOPMENT_TEAM = 7BMJ296AXA;
				GENERATE_INFOPLIST_FILE = YES;
				MARKETING_VERSION = 1.0;
				PRODUCT_BUNDLE_IDENTIFIER = "com.krishna.photo-backupUITests";
				PRODUCT_NAME = "$(TARGET_NAME)";
				SWIFT_EMIT_LOC_STRINGS = NO;
				SWIFT_VERSION = 5.0;
				TARGETED_DEVICE_FAMILY = "1,2";
				TEST_TARGET_NAME = "photo backup";
			};
			name = Debug;
		};
		6B50B9AD2B0302CE00AE2376 /* Release */ = {
			isa = XCBuildConfiguration;
			buildSettings = {
				ALWAYS_EMBED_SWIFT_STANDARD_LIBRARIES = YES;
				CODE_SIGN_STYLE = Automatic;
				CURRENT_PROJECT_VERSION = 1;
				DEVELOPMENT_TEAM = 7BMJ296AXA;
				GENERATE_INFOPLIST_FILE = YES;
				MARKETING_VERSION = 1.0;
				PRODUCT_BUNDLE_IDENTIFIER = "com.krishna.photo-backupUITests";
				PRODUCT_NAME = "$(TARGET_NAME)";
				SWIFT_EMIT_LOC_STRINGS = NO;
				SWIFT_VERSION = 5.0;
				TARGETED_DEVICE_FAMILY = "1,2";
				TEST_TARGET_NAME = "photo backup";
			};
			name = Release;
		};
/* End XCBuildConfiguration section */

/* Begin XCConfigurationList section */
		6B50B97C2B0302CB00AE2376 /* Build configuration list for PBXProject "ArchiveAngel" */ = {
			isa = XCConfigurationList;
			buildConfigurations = (
				6B50B9A32B0302CE00AE2376 /* Debug */,
				6B50B9A42B0302CE00AE2376 /* Release */,
			);
			defaultConfigurationIsVisible = 0;
			defaultConfigurationName = Release;
		};
		6B50B9A52B0302CE00AE2376 /* Build configuration list for PBXNativeTarget "Archive Angel" */ = {
			isa = XCConfigurationList;
			buildConfigurations = (
				6B50B9A62B0302CE00AE2376 /* Debug */,
				6B50B9A72B0302CE00AE2376 /* Release */,
			);
			defaultConfigurationIsVisible = 0;
			defaultConfigurationName = Release;
		};
		6B50B9A82B0302CE00AE2376 /* Build configuration list for PBXNativeTarget "photo backupTests" */ = {
			isa = XCConfigurationList;
			buildConfigurations = (
				6B50B9A92B0302CE00AE2376 /* Debug */,
				6B50B9AA2B0302CE00AE2376 /* Release */,
			);
			defaultConfigurationIsVisible = 0;
			defaultConfigurationName = Release;
		};
		6B50B9AB2B0302CE00AE2376 /* Build configuration list for PBXNativeTarget "photo backupUITests" */ = {
			isa = XCConfigurationList;
			buildConfigurations = (
				6B50B9AC2B0302CE00AE2376 /* Debug */,
				6B50B9AD2B0302CE00AE2376 /* Release */,
			);
			defaultConfigurationIsVisible = 0;
			defaultConfigurationName = Release;
		};
/* End XCConfigurationList section */
	};
	rootObject = 6B50B9792B0302CB00AE2376 /* Project object */;
}
